PODS:
  - desktop_webview_window (0.0.1):
    - FlutterMacOS
  - FlutterMacOS (1.0.0)
  - w_connect (0.0.1):
    - FlutterMacOS

DEPENDENCIES:
  - desktop_webview_window (from `Flutter/ephemeral/.symlinks/plugins/desktop_webview_window/macos`)
  - FlutterMacOS (from `Flutter/ephemeral`)
  - w_connect (from `Flutter/ephemeral/.symlinks/plugins/w_connect/macos`)

EXTERNAL SOURCES:
  desktop_webview_window:
    :path: Flutter/ephemeral/.symlinks/plugins/desktop_webview_window/macos
  FlutterMacOS:
    :path: Flutter/ephemeral
  w_connect:
    :path: Flutter/ephemeral/.symlinks/plugins/w_connect/macos

SPEC CHECKSUMS:
  desktop_webview_window: d4365e71bcd4e1aa0c14cf0377aa24db0c16a7e2
  FlutterMacOS: 8f6f14fa908a6fb3fba0cd85dbd81ec4b251fb24
  w_connect: 9797437bd712fcfc079fc27f8a41fda292e2728c

PODFILE CHECKSUM: 236401fc2c932af29a9fcf0e97baeeb2d750d367

COCOAPODS: 1.11.3
